{
  "name": "ar-cfmigrate",
  "version": "1.0.0",
  "lockfileVersion": 1,
  "requires": true,
  "dependencies": {
    "agent-base": {
      "version": "4.3.0",
      "resolved": "https://artifactory.yektanet.tech/artifactory/api/npm/npm/agent-base/-/agent-base-4.3.0.tgz",
      "integrity": "sha1-gWXwHENgCbzK0LHRIvBe13Dvxu4=",
      "requires": {
        "es6-promisify": "^5.0.0"
      }
    },
    "ansi-regex": {
      "version": "5.0.0",
      "resolved": "https://artifactory.yektanet.tech/artifactory/api/npm/npm/ansi-regex/-/ansi-regex-5.0.0.tgz",
      "integrity": "sha1-OIU59VF5vzkznIGvMKZU1p+Hy3U="
    },
    "ansi-styles": {
      "version": "4.3.0",
      "resolved": "https://artifactory.yektanet.tech/artifactory/api/npm/npm/ansi-styles/-/ansi-styles-4.3.0.tgz",
      "integrity": "sha1-7dgDYornHATIWuegkG7a00tkiTc=",
      "requires": {
        "color-convert": "^2.0.1"
      }
    },
    "autocreate": {
      "version": "1.2.0",
      "resolved": "https://artifactory.yektanet.tech/artifactory/api/npm/npm/autocreate/-/autocreate-1.2.0.tgz",
      "integrity": "sha1-UiFnmSxBcsFUeeX4jzSGpFKkDLo="
    },
    "axios": {
      "version": "0.21.1",
      "resolved": "https://artifactory.yektanet.tech/artifactory/api/npm/npm/axios/-/axios-0.21.1.tgz",
      "integrity": "sha1-IlY0gZYvTWvemnbVFu8OXTwJsrg=",
      "requires": {
        "follow-redirects": "^1.10.0"
      }
    },
    "base64-js": {
      "version": "1.5.1",
      "resolved": "https://artifactory.yektanet.tech/artifactory/api/npm/npm/base64-js/-/base64-js-1.5.1.tgz",
      "integrity": "sha1-GxtEAWClv3rUC2UPCVljSBkDkwo="
    },
    "bl": {
      "version": "4.0.3",
      "resolved": "https://artifactory.yektanet.tech/artifactory/api/npm/npm/bl/-/bl-4.0.3.tgz",
      "integrity": "sha1-EtYoetwpCA4ipwXldksqlSLNxIk=",
      "requires": {
        "buffer": "^5.5.0",
        "inherits": "^2.0.4",
        "readable-stream": "^3.4.0"
      }
    },
    "buffer": {
      "version": "5.7.1",
      "resolved": "https://artifactory.yektanet.tech/artifactory/api/npm/npm/buffer/-/buffer-5.7.1.tgz",
      "integrity": "sha1-umLnwTEzBTWCGXFghRqPZI6Z7tA=",
      "requires": {
        "base64-js": "^1.3.1",
        "ieee754": "^1.1.13"
      }
    },
    "capture-stack-trace": {
      "version": "1.0.1",
      "resolved": "https://artifactory.yektanet.tech/artifactory/api/npm/npm/capture-stack-trace/-/capture-stack-trace-1.0.1.tgz",
      "integrity": "sha1-psC74fOPOqC5Ijjstv9Cw0TUE10="
    },
    "chalk": {
      "version": "4.1.0",
      "resolved": "https://artifactory.yektanet.tech/artifactory/api/npm/npm/chalk/-/chalk-4.1.0.tgz",
      "integrity": "sha1-ThSHCmGNni7dl92DRf2dncMVZGo=",
      "requires": {
        "ansi-styles": "^4.1.0",
        "supports-color": "^7.1.0"
      }
    },
    "cli-cursor": {
      "version": "3.1.0",
      "resolved": "https://artifactory.yektanet.tech/artifactory/api/npm/npm/cli-cursor/-/cli-cursor-3.1.0.tgz",
      "integrity": "sha1-JkMFp65JDR0Dvwybp8kl0XU68wc=",
      "requires": {
        "restore-cursor": "^3.1.0"
      }
    },
    "cli-spinners": {
      "version": "2.5.0",
      "resolved": "https://artifactory.yektanet.tech/artifactory/api/npm/npm/cli-spinners/-/cli-spinners-2.5.0.tgz",
      "integrity": "sha1-EnY+RyUb+VHLdcIB36WP8byy0Ec="
    },
    "clone": {
      "version": "1.0.4",
      "resolved": "https://artifactory.yektanet.tech/artifactory/api/npm/npm/clone/-/clone-1.0.4.tgz",
      "integrity": "sha1-2jCcwmPfFZlMaIypAheco8fNfH4="
    },
    "cloudflare": {
      "version": "2.7.0",
      "resolved": "https://artifactory.yektanet.tech/artifactory/api/npm/npm/cloudflare/-/cloudflare-2.7.0.tgz",
      "integrity": "sha1-/5JJpj/5tmK9hj2iHpZcj4L3YBI=",
      "requires": {
        "autocreate": "^1.1.0",
        "es-class": "^2.1.1",
        "got": "^6.3.0",
        "https-proxy-agent": "^2.1.1",
        "object-assign": "^4.1.0",
        "should-proxy": "^1.0.4",
        "url-pattern": "^1.0.3"
      }
    },
    "color-convert": {
      "version": "2.0.1",
      "resolved": "https://artifactory.yektanet.tech/artifactory/api/npm/npm/color-convert/-/color-convert-2.0.1.tgz",
      "integrity": "sha1-ctOmjVmMm9s68q0ehPIdiWq9TeM=",
      "requires": {
        "color-name": "~1.1.4"
      }
    },
    "color-name": {
      "version": "1.1.4",
      "resolved": "https://artifactory.yektanet.tech/artifactory/api/npm/npm/color-name/-/color-name-1.1.4.tgz",
      "integrity": "sha1-wqCah6y95pVD3m9j+jmVyCbFNqI="
    },
    "create-error-class": {
      "version": "3.0.2",
      "resolved": "https://artifactory.yektanet.tech/artifactory/api/npm/npm/create-error-class/-/create-error-class-3.0.2.tgz",
      "integrity": "sha1-Br56vvlHo/FKMP1hBnHUAbyot7Y=",
      "requires": {
        "capture-stack-trace": "^1.0.0"
      }
    },
    "debug": {
      "version": "3.2.7",
      "resolved": "https://artifactory.yektanet.tech/artifactory/api/npm/npm/debug/-/debug-3.2.7.tgz",
      "integrity": "sha1-clgLfpFF+zm2Z2+cXl+xALk0F5o=",
      "requires": {
        "ms": "^2.1.1"
      }
    },
    "defaults": {
      "version": "1.0.3",
      "resolved": "https://artifactory.yektanet.tech/artifactory/api/npm/npm/defaults/-/defaults-1.0.3.tgz",
      "integrity": "sha1-xlYFHpgX2f8I7YgUd/P+QBnz730=",
      "requires": {
        "clone": "^1.0.2"
      }
    },
    "duplexer3": {
      "version": "0.1.4",
      "resolved": "https://artifactory.yektanet.tech/artifactory/api/npm/npm/duplexer3/-/duplexer3-0.1.4.tgz",
      "integrity": "sha1-7gHdHKwO08vH/b6jfcCo8c4ALOI="
    },
    "es-class": {
      "version": "2.1.1",
      "resolved": "https://artifactory.yektanet.tech/artifactory/api/npm/npm/es-class/-/es-class-2.1.1.tgz",
      "integrity": "sha1-bsIkO1oeNYHAt+7O4BMMnA1vsrc="
    },
    "es6-promise": {
      "version": "4.2.8",
      "resolved": "https://artifactory.yektanet.tech/artifactory/api/npm/npm/es6-promise/-/es6-promise-4.2.8.tgz",
      "integrity": "sha1-TrIVlMlyvEBVPSduUQU5FD21Pgo="
    },
    "es6-promisify": {
      "version": "5.0.0",
      "resolved": "https://artifactory.yektanet.tech/artifactory/api/npm/npm/es6-promisify/-/es6-promisify-5.0.0.tgz",
      "integrity": "sha1-UQnWLz5W6pZ8S2NQWu8IKRyKUgM=",
      "requires": {
        "es6-promise": "^4.0.3"
      }
    },
    "follow-redirects": {
      "version": "1.13.1",
      "resolved": "https://artifactory.yektanet.tech/artifactory/api/npm/npm/follow-redirects/-/follow-redirects-1.13.1.tgz",
      "integrity": "sha1-X2m4Ezds7k/QR0o6uoNd8Eq3Y7c="
    },
    "get-stream": {
      "version": "3.0.0",
      "resolved": "https://artifactory.yektanet.tech/artifactory/api/npm/npm/get-stream/-/get-stream-3.0.0.tgz",
      "integrity": "sha1-jpQ9E1jcN1VQVOy+LtsFqhdO3hQ="
    },
    "got": {
      "version": "6.7.1",
      "resolved": "https://artifactory.yektanet.tech/artifactory/api/npm/npm/got/-/got-6.7.1.tgz",
      "integrity": "sha1-JAzQV4WpoY5WHcG0S0HHY+8ejbA=",
      "requires": {
        "create-error-class": "^3.0.0",
        "duplexer3": "^0.1.4",
        "get-stream": "^3.0.0",
        "is-redirect": "^1.0.0",
        "is-retry-allowed": "^1.0.0",
        "is-stream": "^1.0.0",
        "lowercase-keys": "^1.0.0",
        "safe-buffer": "^5.0.1",
        "timed-out": "^4.0.0",
        "unzip-response": "^2.0.1",
        "url-parse-lax": "^1.0.0"
      }
    },
    "has-flag": {
      "version": "4.0.0",
      "resolved": "https://artifactory.yektanet.tech/artifactory/api/npm/npm/has-flag/-/has-flag-4.0.0.tgz",
      "integrity": "sha1-lEdx/ZyByBJlxNaUGGDaBrtZR5s="
    },
    "https-proxy-agent": {
      "version": "2.2.4",
      "resolved": "https://artifactory.yektanet.tech/artifactory/api/npm/npm/https-proxy-agent/-/https-proxy-agent-2.2.4.tgz",
      "integrity": "sha1-TuenN6vZJniik9mzShr00NCMeHs=",
      "requires": {
        "agent-base": "^4.3.0",
        "debug": "^3.1.0"
      }
    },
    "ieee754": {
      "version": "1.2.1",
      "resolved": "https://artifactory.yektanet.tech/artifactory/api/npm/npm/ieee754/-/ieee754-1.2.1.tgz",
      "integrity": "sha1-jrehCmP/8l0VpXsAFYbRd9Gw01I="
    },
    "inherits": {
      "version": "2.0.4",
      "resolved": "https://artifactory.yektanet.tech/artifactory/api/npm/npm/inherits/-/inherits-2.0.4.tgz",
      "integrity": "sha1-D6LGT5MpF8NDOg3tVTY6rjdBa3w="
    },
    "is-interactive": {
      "version": "1.0.0",
      "resolved": "https://artifactory.yektanet.tech/artifactory/api/npm/npm/is-interactive/-/is-interactive-1.0.0.tgz",
      "integrity": "sha1-zqbmrlyHCnsKAAQHC3tYfgJSkS4="
    },
    "is-redirect": {
      "version": "1.0.0",
      "resolved": "https://artifactory.yektanet.tech/artifactory/api/npm/npm/is-redirect/-/is-redirect-1.0.0.tgz",
      "integrity": "sha1-HQPd7VO9jbDzDCbk+V02/HyH3CQ="
    },
    "is-retry-allowed": {
      "version": "1.2.0",
      "resolved": "https://artifactory.yektanet.tech/artifactory/api/npm/npm/is-retry-allowed/-/is-retry-allowed-1.2.0.tgz",
      "integrity": "sha1-13hIi9CkZmo76KFIK58rqv7eqLQ="
    },
    "is-stream": {
      "version": "1.1.0",
      "resolved": "https://artifactory.yektanet.tech/artifactory/api/npm/npm/is-stream/-/is-stream-1.1.0.tgz",
      "integrity": "sha1-EtSj3U5o4Lec6428hBc66A2RykQ="
    },
    "kleur": {
      "version": "3.0.3",
      "resolved": "https://artifactory.yektanet.tech/artifactory/api/npm/npm/kleur/-/kleur-3.0.3.tgz",
      "integrity": "sha1-p5yezIbuHOP6YgbRIWxQHxR/wH4="
    },
    "log-symbols": {
      "version": "4.0.0",
      "resolved": "https://artifactory.yektanet.tech/artifactory/api/npm/npm/log-symbols/-/log-symbols-4.0.0.tgz",
      "integrity": "sha1-abPMRtIPRI7M23XqH6cz2eghySA=",
      "requires": {
        "chalk": "^4.0.0"
      }
    },
    "lowercase-keys": {
      "version": "1.0.1",
      "resolved": "https://artifactory.yektanet.tech/artifactory/api/npm/npm/lowercase-keys/-/lowercase-keys-1.0.1.tgz",
      "integrity": "sha1-b54wtHCE2XGnyCD/FabFFnt0wm8="
    },
    "mimic-fn": {
      "version": "2.1.0",
      "resolved": "https://artifactory.yektanet.tech/artifactory/api/npm/npm/mimic-fn/-/mimic-fn-2.1.0.tgz",
      "integrity": "sha1-ftLCzMyvhNP/y3pptXcR/CCDQBs="
    },
    "ms": {
      "version": "2.1.3",
      "resolved": "https://artifactory.yektanet.tech/artifactory/api/npm/npm/ms/-/ms-2.1.3.tgz",
      "integrity": "sha1-V0yBOM4dK1hh8LRFedut1gxmFbI="
    },
    "object-assign": {
      "version": "4.1.1",
      "resolved": "https://artifactory.yektanet.tech/artifactory/api/npm/npm/object-assign/-/object-assign-4.1.1.tgz",
      "integrity": "sha1-IQmtx5ZYh8/AXLvUQsrIv7s2CGM="
    },
    "onetime": {
      "version": "5.1.2",
      "resolved": "https://artifactory.yektanet.tech/artifactory/api/npm/npm/onetime/-/onetime-5.1.2.tgz",
      "integrity": "sha1-0Oluu1awdHbfHdnEgG5SN5hcpF4=",
      "requires": {
        "mimic-fn": "^2.1.0"
      }
    },
    "ora": {
      "version": "5.2.0",
      "resolved": "https://artifactory.yektanet.tech/artifactory/api/npm/npm/ora/-/ora-5.2.0.tgz",
      "integrity": "sha1-3hC/0tFVFDhK9F8/qdmxqvNE/aE=",
      "requires": {
        "bl": "^4.0.3",
        "chalk": "^4.1.0",
        "cli-cursor": "^3.1.0",
        "cli-spinners": "^2.5.0",
        "is-interactive": "^1.0.0",
        "log-symbols": "^4.0.0",
        "strip-ansi": "^6.0.0",
        "wcwidth": "^1.0.1"
      }
    },
    "prepend-http": {
      "version": "1.0.4",
      "resolved": "https://artifactory.yektanet.tech/artifactory/api/npm/npm/prepend-http/-/prepend-http-1.0.4.tgz",
      "integrity": "sha1-1PRWKwzjaW5BrFLQ4ALlemNdxtw="
    },
    "prompts": {
      "version": "2.4.0",
      "resolved": "https://artifactory.yektanet.tech/artifactory/api/npm/npm/prompts/-/prompts-2.4.0.tgz",
      "integrity": "sha1-SqXeByOiMdHukSHED99mPfc/Ydc=",
      "requires": {
        "kleur": "^3.0.3",
        "sisteransi": "^1.0.5"
      }
    },
    "readable-stream": {
      "version": "3.6.0",
      "resolved": "https://artifactory.yektanet.tech/artifactory/api/npm/npm/readable-stream/-/readable-stream-3.6.0.tgz",
      "integrity": "sha1-M3u9o63AcGvT4CRCaihtS0sskZg=",
      "requires": {
        "inherits": "^2.0.3",
        "string_decoder": "^1.1.1",
        "util-deprecate": "^1.0.1"
      }
    },
    "restore-cursor": {
      "version": "3.1.0",
      "resolved": "https://artifactory.yektanet.tech/artifactory/api/npm/npm/restore-cursor/-/restore-cursor-3.1.0.tgz",
      "integrity": "sha1-OfZ8VLOnpYzqUjbZXPADQjljH34=",
      "requires": {
        "onetime": "^5.1.0",
        "signal-exit": "^3.0.2"
      }
    },
    "safe-buffer": {
      "version": "5.2.1",
      "resolved": "https://artifactory.yektanet.tech/artifactory/api/npm/npm/safe-buffer/-/safe-buffer-5.2.1.tgz",
      "integrity": "sha1-Hq+fqb2x/dTsdfWPnNtOa3gn7sY="
    },
    "should-proxy": {
      "version": "1.0.4",
      "resolved": "https://artifactory.yektanet.tech/artifactory/api/npm/npm/should-proxy/-/should-proxy-1.0.4.tgz",
      "integrity": "sha1-yAWlAav2lTlgBjSAnmL78ji6NeQ="
    },
    "signal-exit": {
      "version": "3.0.3",
      "resolved": "https://artifactory.yektanet.tech/artifactory/api/npm/npm/signal-exit/-/signal-exit-3.0.3.tgz",
      "integrity": "sha1-oUEMLt2PB3sItOJTyOrPyvBXRhw="
    },
    "sisteransi": {
      "version": "1.0.5",
      "resolved": "https://artifactory.yektanet.tech/artifactory/api/npm/npm/sisteransi/-/sisteransi-1.0.5.tgz",
      "integrity": "sha1-E01oEpd1ZDfMBcoBNw06elcQde0="
    },
    "string_decoder": {
      "version": "1.3.0",
      "resolved": "https://artifactory.yektanet.tech/artifactory/api/npm/npm/string_decoder/-/string_decoder-1.3.0.tgz",
      "integrity": "sha1-QvEUWUpGzxqOMLCoT1bHjD7awh4=",
      "requires": {
        "safe-buffer": "~5.2.0"
      }
    },
    "strip-ansi": {
      "version": "6.0.0",
      "resolved": "https://artifactory.yektanet.tech/artifactory/api/npm/npm/strip-ansi/-/strip-ansi-6.0.0.tgz",
      "integrity": "sha1-CxVx3XZpzNTz4G4U7x7tJiJa5TI=",
      "requires": {
        "ansi-regex": "^5.0.0"
      }
    },
    "supports-color": {
      "version": "7.2.0",
      "resolved": "https://artifactory.yektanet.tech/artifactory/api/npm/npm/supports-color/-/supports-color-7.2.0.tgz",
      "integrity": "sha1-G33NyzK4E4gBs+R4umpRyqiWSNo=",
      "requires": {
        "has-flag": "^4.0.0"
      }
    },
    "timed-out": {
      "version": "4.0.1",
      "resolved": "https://artifactory.yektanet.tech/artifactory/api/npm/npm/timed-out/-/timed-out-4.0.1.tgz",
      "integrity": "sha1-8y6srFoXW+ol1/q1Zas+2HQe9W8="
    },
    "unzip-response": {
      "version": "2.0.1",
      "resolved": "https://artifactory.yektanet.tech/artifactory/api/npm/npm/unzip-response/-/unzip-response-2.0.1.tgz",
      "integrity": "sha1-0vD3N9FrBhXnKmk17QQhRXLVb5c="
    },
    "url-parse-lax": {
      "version": "1.0.0",
      "resolved": "https://artifactory.yektanet.tech/artifactory/api/npm/npm/url-parse-lax/-/url-parse-lax-1.0.0.tgz",
      "integrity": "sha1-evjzA2Rem9eaJy56FKxovAYJ2nM=",
      "requires": {
        "prepend-http": "^1.0.1"
      }
    },
    "url-pattern": {
      "version": "1.0.3",
      "resolved": "https://artifactory.yektanet.tech/artifactory/api/npm/npm/url-pattern/-/url-pattern-1.0.3.tgz",
      "integrity": "sha1-BAkpJHGyTyPFDWWkeTF5PStaz8E="
    },
    "util-deprecate": {
      "version": "1.0.2",
      "resolved": "https://artifactory.yektanet.tech/artifactory/api/npm/npm/util-deprecate/-/util-deprecate-1.0.2.tgz",
      "integrity": "sha1-RQ1Nyfpw3nMnYvvS1KKJgUGaDM8="
    },
    "wcwidth": {
      "version": "1.0.1",
      "resolved": "https://artifactory.yektanet.tech/artifactory/api/npm/npm/wcwidth/-/wcwidth-1.0.1.tgz",
      "integrity": "sha1-8LDc+RW8X/FSivrbLA4XtTLaL+g=",
      "requires": {
        "defaults": "^1.0.3"
      }
    }
  }
}
